
Microsoft Visual Studio Solution File, Format Version 12.00
# Visual Studio Version 17
VisualStudioVersion = 17.14.36109.1
MinimumVisualStudioVersion = 10.0.40219.1
Project("{2150E333-8FDC-42A3-9474-1A3956D46DE8}") = "Presentation", "Presentation", "{02EA681E-C7D8-13C7-8484-4AC65E1B71E8}"
EndProject
Project("{2150E333-8FDC-42A3-9474-1A3956D46DE8}") = "Application", "Application", "{B7879DFB-4F0B-41FF-9576-FC42D1E60257}"
EndProject
Project("{2150E333-8FDC-42A3-9474-1A3956D46DE8}") = "Domain", "Domain", "{FF8DCDAA-2A8A-4E03-A27D-00CD48C6CF47}"
EndProject
Project("{FAE04EC0-301F-11D3-BF4B-00C04F79EFBC}") = "SGM.Application", "SGM.Application\SGM.Application.csproj", "{81287DD2-9B00-4C98-86C5-D4D68A666691}"
EndProject
Project("{FAE04EC0-301F-11D3-BF4B-00C04F79EFBC}") = "SGM.Domain", "SGM.Domain\SGM.Domain.csproj", "{BD6BA1C9-9A22-4DB0-B6A6-46B42C1CB7F1}"
EndProject
Project("{FAE04EC0-301F-11D3-BF4B-00C04F79EFBC}") = "SGM.Web", "SGM.Web\SGM.Web.csproj", "{F8DFD5BC-5209-496B-8375-4E2E3F2F6F7B}"
EndProject
Project("{2150E333-8FDC-42A3-9474-1A3956D46DE8}") = "Infraestructure", "Infraestructure", "{BFDFC768-0472-4BA6-85DA-07DA9B6656AE}"
EndProject
Project("{FAE04EC0-301F-11D3-BF4B-00C04F79EFBC}") = "SGM.Persistence", "SGM.Persistence\SGM.Persistence.csproj", "{1A8FE242-88EF-4930-AE79-F7ABCF0C9B3E}"
EndProject
Project("{FAE04EC0-301F-11D3-BF4B-00C04F79EFBC}") = "SGM.Infraestructure", "SGM.Infraestructure\SGM.Infraestructure.csproj", "{D6C906FD-EE26-4A02-9CCC-AB3A7AA7F812}"
EndProject
Project("{2150E333-8FDC-42A3-9474-1A3956D46DE8}") = "Api", "Api", "{9D9D9114-BACA-47F3-8F6F-295442D26AAA}"
EndProject
Project("{FAE04EC0-301F-11D3-BF4B-00C04F79EFBC}") = "SGM.Api", "SGM.Api\SGM.Api.csproj", "{B4FBCE31-ABFC-4CF5-890E-E35E559682A6}"
EndProject
Project("{2150E333-8FDC-42A3-9474-1A3956D46DE8}") = "IOC", "IOC", "{754C9CB6-35E2-4C9F-B712-05A713CD23B9}"
EndProject
Project("{FAE04EC0-301F-11D3-BF4B-00C04F79EFBC}") = "SGM.IOC", "SGM.IOC\SGM.IOC.csproj", "{C502630E-9D6D-4136-8141-B54F725627D6}"
EndProject
Project("{2150E333-8FDC-42A3-9474-1A3956D46DE8}") = "Test", "Test", "{4829E814-1E7D-40B8-BE6D-9FE4FB6AC68A}"
EndProject
Project("{FAE04EC0-301F-11D3-BF4B-00C04F79EFBC}") = "SGM.Persistence.Test", "SGM.Persistence.Test\SGM.Persistence.Test.csproj", "{F527BFB8-A637-4B9C-BF8E-23D703860C4E}"
EndProject
Project("{FAE04EC0-301F-11D3-BF4B-00C04F79EFBC}") = "SGM.Application.Test", "SGM.Application.Test\SGM.Application.Test.csproj", "{DA41B0D5-E299-45A2-BC74-0E394A78A3E4}"
EndProject
Project("{2150E333-8FDC-42A3-9474-1A3956D46DE8}") = "Core", "Core", "{59453FC7-B514-41DF-83D3-ECD4510018E9}"
EndProject
Project("{FAE04EC0-301F-11D3-BF4B-00C04F79EFBC}") = "SGM.Api.Test", "SGM.Api.Test\SGM.Api.Test.csproj", "{3B1977EB-4B65-443D-B866-44453CBA0C5A}"
EndProject
Global
	GlobalSection(SolutionConfigurationPlatforms) = preSolution
		Debug|Any CPU = Debug|Any CPU
		Release|Any CPU = Release|Any CPU
	EndGlobalSection
	GlobalSection(ProjectConfigurationPlatforms) = postSolution
		{81287DD2-9B00-4C98-86C5-D4D68A666691}.Debug|Any CPU.ActiveCfg = Debug|Any CPU
		{81287DD2-9B00-4C98-86C5-D4D68A666691}.Debug|Any CPU.Build.0 = Debug|Any CPU
		{81287DD2-9B00-4C98-86C5-D4D68A666691}.Release|Any CPU.ActiveCfg = Release|Any CPU
		{81287DD2-9B00-4C98-86C5-D4D68A666691}.Release|Any CPU.Build.0 = Release|Any CPU
		{BD6BA1C9-9A22-4DB0-B6A6-46B42C1CB7F1}.Debug|Any CPU.ActiveCfg = Debug|Any CPU
		{BD6BA1C9-9A22-4DB0-B6A6-46B42C1CB7F1}.Debug|Any CPU.Build.0 = Debug|Any CPU
		{BD6BA1C9-9A22-4DB0-B6A6-46B42C1CB7F1}.Release|Any CPU.ActiveCfg = Release|Any CPU
		{BD6BA1C9-9A22-4DB0-B6A6-46B42C1CB7F1}.Release|Any CPU.Build.0 = Release|Any CPU
		{F8DFD5BC-5209-496B-8375-4E2E3F2F6F7B}.Debug|Any CPU.ActiveCfg = Debug|Any CPU
		{F8DFD5BC-5209-496B-8375-4E2E3F2F6F7B}.Debug|Any CPU.Build.0 = Debug|Any CPU
		{F8DFD5BC-5209-496B-8375-4E2E3F2F6F7B}.Release|Any CPU.ActiveCfg = Release|Any CPU
		{F8DFD5BC-5209-496B-8375-4E2E3F2F6F7B}.Release|Any CPU.Build.0 = Release|Any CPU
		{1A8FE242-88EF-4930-AE79-F7ABCF0C9B3E}.Debug|Any CPU.ActiveCfg = Debug|Any CPU
		{1A8FE242-88EF-4930-AE79-F7ABCF0C9B3E}.Debug|Any CPU.Build.0 = Debug|Any CPU
		{1A8FE242-88EF-4930-AE79-F7ABCF0C9B3E}.Release|Any CPU.ActiveCfg = Release|Any CPU
		{1A8FE242-88EF-4930-AE79-F7ABCF0C9B3E}.Release|Any CPU.Build.0 = Release|Any CPU
		{D6C906FD-EE26-4A02-9CCC-AB3A7AA7F812}.Debug|Any CPU.ActiveCfg = Debug|Any CPU
		{D6C906FD-EE26-4A02-9CCC-AB3A7AA7F812}.Debug|Any CPU.Build.0 = Debug|Any CPU
		{D6C906FD-EE26-4A02-9CCC-AB3A7AA7F812}.Release|Any CPU.ActiveCfg = Release|Any CPU
		{D6C906FD-EE26-4A02-9CCC-AB3A7AA7F812}.Release|Any CPU.Build.0 = Release|Any CPU
		{B4FBCE31-ABFC-4CF5-890E-E35E559682A6}.Debug|Any CPU.ActiveCfg = Debug|Any CPU
		{B4FBCE31-ABFC-4CF5-890E-E35E559682A6}.Debug|Any CPU.Build.0 = Debug|Any CPU
		{B4FBCE31-ABFC-4CF5-890E-E35E559682A6}.Release|Any CPU.ActiveCfg = Release|Any CPU
		{B4FBCE31-ABFC-4CF5-890E-E35E559682A6}.Release|Any CPU.Build.0 = Release|Any CPU
		{C502630E-9D6D-4136-8141-B54F725627D6}.Debug|Any CPU.ActiveCfg = Debug|Any CPU
		{C502630E-9D6D-4136-8141-B54F725627D6}.Debug|Any CPU.Build.0 = Debug|Any CPU
		{C502630E-9D6D-4136-8141-B54F725627D6}.Release|Any CPU.ActiveCfg = Release|Any CPU
		{C502630E-9D6D-4136-8141-B54F725627D6}.Release|Any CPU.Build.0 = Release|Any CPU
		{F527BFB8-A637-4B9C-BF8E-23D703860C4E}.Debug|Any CPU.ActiveCfg = Debug|Any CPU
		{F527BFB8-A637-4B9C-BF8E-23D703860C4E}.Debug|Any CPU.Build.0 = Debug|Any CPU
		{F527BFB8-A637-4B9C-BF8E-23D703860C4E}.Release|Any CPU.ActiveCfg = Release|Any CPU
		{F527BFB8-A637-4B9C-BF8E-23D703860C4E}.Release|Any CPU.Build.0 = Release|Any CPU
		{DA41B0D5-E299-45A2-BC74-0E394A78A3E4}.Debug|Any CPU.ActiveCfg = Debug|Any CPU
		{DA41B0D5-E299-45A2-BC74-0E394A78A3E4}.Debug|Any CPU.Build.0 = Debug|Any CPU
		{DA41B0D5-E299-45A2-BC74-0E394A78A3E4}.Release|Any CPU.ActiveCfg = Release|Any CPU
		{DA41B0D5-E299-45A2-BC74-0E394A78A3E4}.Release|Any CPU.Build.0 = Release|Any CPU
		{3B1977EB-4B65-443D-B866-44453CBA0C5A}.Debug|Any CPU.ActiveCfg = Debug|Any CPU
		{3B1977EB-4B65-443D-B866-44453CBA0C5A}.Debug|Any CPU.Build.0 = Debug|Any CPU
		{3B1977EB-4B65-443D-B866-44453CBA0C5A}.Release|Any CPU.ActiveCfg = Release|Any CPU
		{3B1977EB-4B65-443D-B866-44453CBA0C5A}.Release|Any CPU.Build.0 = Release|Any CPU
	EndGlobalSection
	GlobalSection(SolutionProperties) = preSolution
		HideSolutionNode = FALSE
	EndGlobalSection
	GlobalSection(NestedProjects) = preSolution
		{B7879DFB-4F0B-41FF-9576-FC42D1E60257} = {59453FC7-B514-41DF-83D3-ECD4510018E9}
		{FF8DCDAA-2A8A-4E03-A27D-00CD48C6CF47} = {59453FC7-B514-41DF-83D3-ECD4510018E9}
		{81287DD2-9B00-4C98-86C5-D4D68A666691} = {B7879DFB-4F0B-41FF-9576-FC42D1E60257}
		{BD6BA1C9-9A22-4DB0-B6A6-46B42C1CB7F1} = {FF8DCDAA-2A8A-4E03-A27D-00CD48C6CF47}
		{F8DFD5BC-5209-496B-8375-4E2E3F2F6F7B} = {02EA681E-C7D8-13C7-8484-4AC65E1B71E8}
		{1A8FE242-88EF-4930-AE79-F7ABCF0C9B3E} = {BFDFC768-0472-4BA6-85DA-07DA9B6656AE}
		{D6C906FD-EE26-4A02-9CCC-AB3A7AA7F812} = {BFDFC768-0472-4BA6-85DA-07DA9B6656AE}
		{B4FBCE31-ABFC-4CF5-890E-E35E559682A6} = {9D9D9114-BACA-47F3-8F6F-295442D26AAA}
		{C502630E-9D6D-4136-8141-B54F725627D6} = {754C9CB6-35E2-4C9F-B712-05A713CD23B9}
		{F527BFB8-A637-4B9C-BF8E-23D703860C4E} = {4829E814-1E7D-40B8-BE6D-9FE4FB6AC68A}
		{DA41B0D5-E299-45A2-BC74-0E394A78A3E4} = {4829E814-1E7D-40B8-BE6D-9FE4FB6AC68A}
		{3B1977EB-4B65-443D-B866-44453CBA0C5A} = {4829E814-1E7D-40B8-BE6D-9FE4FB6AC68A}
	EndGlobalSection
	GlobalSection(ExtensibilityGlobals) = postSolution
		SolutionGuid = {A26D6BBF-B842-4838-9910-732907F68339}
	EndGlobalSection
EndGlobal
